
Microsoft Visual Studio Solution File, Format Version 12.00
# Visual Studio 14
VisualStudioVersion = 14.0.25420.1
MinimumVisualStudioVersion = 10.0.40219.1
Project("{8BC9CEB8-8B4A-11D0-8D11-00A0C91BC942}") = "step2_proj", "step2_proj\step2_proj.vcxproj", "{7CF62F79-9C0A-4E01-9D9A-34C40CAA84F0}"
EndProject
Project("{8BC9CEB8-8B4A-11D0-8D11-00A0C91BC942}") = "prior_box_classification", "prior_box_classification\prior_box_classification.vcxproj", "{951C5C75-8910-4BCD-8127-3970B3023B46}"
EndProject
Global
	GlobalSection(SolutionConfigurationPlatforms) = preSolution
		Debug|x64 = Debug|x64
		Debug|x86 = Debug|x86
		Release|x64 = Release|x64
		Release|x86 = Release|x86
	EndGlobalSection
	GlobalSection(ProjectConfigurationPlatforms) = postSolution
		{7CF62F79-9C0A-4E01-9D9A-34C40CAA84F0}.Debug|x64.ActiveCfg = Debug|x64
		{7CF62F79-9C0A-4E01-9D9A-34C40CAA84F0}.Debug|x64.Build.0 = Debug|x64
		{7CF62F79-9C0A-4E01-9D9A-34C40CAA84F0}.Debug|x86.ActiveCfg = Debug|Win32
		{7CF62F79-9C0A-4E01-9D9A-34C40CAA84F0}.Debug|x86.Build.0 = Debug|Win32
		{7CF62F79-9C0A-4E01-9D9A-34C40CAA84F0}.Release|x64.ActiveCfg = Release|x64
		{7CF62F79-9C0A-4E01-9D9A-34C40CAA84F0}.Release|x64.Build.0 = Release|x64
		{7CF62F79-9C0A-4E01-9D9A-34C40CAA84F0}.Release|x86.ActiveCfg = Release|Win32
		{7CF62F79-9C0A-4E01-9D9A-34C40CAA84F0}.Release|x86.Build.0 = Release|Win32
		{951C5C75-8910-4BCD-8127-3970B3023B46}.Debug|x64.ActiveCfg = Debug|x64
		{951C5C75-8910-4BCD-8127-3970B3023B46}.Debug|x64.Build.0 = Debug|x64
		{951C5C75-8910-4BCD-8127-3970B3023B46}.Debug|x86.ActiveCfg = Debug|Win32
		{951C5C75-8910-4BCD-8127-3970B3023B46}.Debug|x86.Build.0 = Debug|Win32
		{951C5C75-8910-4BCD-8127-3970B3023B46}.Release|x64.ActiveCfg = Release|x64
		{951C5C75-8910-4BCD-8127-3970B3023B46}.Release|x64.Build.0 = Release|x64
		{951C5C75-8910-4BCD-8127-3970B3023B46}.Release|x86.ActiveCfg = Release|Win32
		{951C5C75-8910-4BCD-8127-3970B3023B46}.Release|x86.Build.0 = Release|Win32
	EndGlobalSection
	GlobalSection(SolutionProperties) = preSolution
		HideSolutionNode = FALSE
	EndGlobalSection
EndGlobal
